// !$*UTF8*$!
{
	archiveVersion = 1;
	classes = {
	};
	objectVersion = 56;
	objects = {

/* Begin PBXBuildFile section */
		124D63032CE2517B002046DF /* AppDelegate.swift in Sources */ = {isa = PBXBuildFile; fileRef = 124D63022CE2517B002046DF /* AppDelegate.swift */; };
		124D63052CE2517B002046DF /* SceneDelegate.swift in Sources */ = {isa = PBXBuildFile; fileRef = 124D63042CE2517B002046DF /* SceneDelegate.swift */; };
		124D630C2CE2517C002046DF /* Assets.xcassets in Resources */ = {isa = PBXBuildFile; fileRef = 124D630B2CE2517C002046DF /* Assets.xcassets */; };
		124D63182CE2556A002046DF /* TabViewController.swift in Sources */ = {isa = PBXBuildFile; fileRef = 124D63172CE2556A002046DF /* TabViewController.swift */; };
		124D631B2CE256E3002046DF /* BooksViewController.swift in Sources */ = {isa = PBXBuildFile; fileRef = 124D631A2CE256E3002046DF /* BooksViewController.swift */; };
		124D631D2CE25704002046DF /* MusicViewController.swift in Sources */ = {isa = PBXBuildFile; fileRef = 124D631C2CE25704002046DF /* MusicViewController.swift */; };
		124D631F2CE25715002046DF /* FilmsViewController.swift in Sources */ = {isa = PBXBuildFile; fileRef = 124D631E2CE25715002046DF /* FilmsViewController.swift */; };
		124D63222CE25C5B002046DF /* Book.swift in Sources */ = {isa = PBXBuildFile; fileRef = 124D63212CE25C5B002046DF /* Book.swift */; };
		124D63262CE25D41002046DF /* BooksCell.swift in Sources */ = {isa = PBXBuildFile; fileRef = 124D63252CE25D41002046DF /* BooksCell.swift */; };
		127C3F552CE315BF00BBB521 /* DetailBookVC.swift in Sources */ = {isa = PBXBuildFile; fileRef = 127C3F542CE315BF00BBB521 /* DetailBookVC.swift */; };
		127C3F572CE31AEB00BBB521 /* Film.swift in Sources */ = {isa = PBXBuildFile; fileRef = 127C3F562CE31AEB00BBB521 /* Film.swift */; };
		127C3F592CE31AF700BBB521 /* Music.swift in Sources */ = {isa = PBXBuildFile; fileRef = 127C3F582CE31AF700BBB521 /* Music.swift */; };
		127C3F5B2CE3650300BBB521 /* FilmCell.swift in Sources */ = {isa = PBXBuildFile; fileRef = 127C3F5A2CE3650300BBB521 /* FilmCell.swift */; };
		12ADA2BB2CE4EAD9003696E6 /* DetailFilmVC.swift in Sources */ = {isa = PBXBuildFile; fileRef = 12ADA2BA2CE4EAD9003696E6 /* DetailFilmVC.swift */; };
		12ADA2BD2CE4ECD7003696E6 /* MusicCell.swift in Sources */ = {isa = PBXBuildFile; fileRef = 12ADA2BC2CE4ECD7003696E6 /* MusicCell.swift */; };
		12ADA2BF2CE4F851003696E6 /* DetailMusicVC.swift in Sources */ = {isa = PBXBuildFile; fileRef = 12ADA2BE2CE4F851003696E6 /* DetailMusicVC.swift */; };
		12ADA2C22CE4F8BC003696E6 /* Sweater Weather.mp3 in Resources */ = {isa = PBXBuildFile; fileRef = 12ADA2C12CE4F8BC003696E6 /* Sweater Weather.mp3 */; };
		12ADA2C42CE4F8CB003696E6 /* Chihiro.mp3 in Resources */ = {isa = PBXBuildFile; fileRef = 12ADA2C32CE4F8CB003696E6 /* Chihiro.mp3 */; };
/* End PBXBuildFile section */

/* Begin PBXFileReference section */
		124D62FF2CE2517B002046DF /* FavouriteLists.app */ = {isa = PBXFileReference; explicitFileType = wrapper.application; includeInIndex = 0; path = FavouriteLists.app; sourceTree = BUILT_PRODUCTS_DIR; };
		124D63022CE2517B002046DF /* AppDelegate.swift */ = {isa = PBXFileReference; lastKnownFileType = sourcecode.swift; path = AppDelegate.swift; sourceTree = "<group>"; };
		124D63042CE2517B002046DF /* SceneDelegate.swift */ = {isa = PBXFileReference; lastKnownFileType = sourcecode.swift; path = SceneDelegate.swift; sourceTree = "<group>"; };
		124D630B2CE2517C002046DF /* Assets.xcassets */ = {isa = PBXFileReference; lastKnownFileType = folder.assetcatalog; path = Assets.xcassets; sourceTree = "<group>"; };
		124D63102CE2517C002046DF /* Info.plist */ = {isa = PBXFileReference; lastKnownFileType = text.plist.xml; path = Info.plist; sourceTree = "<group>"; };
		124D63172CE2556A002046DF /* TabViewController.swift */ = {isa = PBXFileReference; lastKnownFileType = sourcecode.swift; path = TabViewController.swift; sourceTree = "<group>"; };
		124D631A2CE256E3002046DF /* BooksViewController.swift */ = {isa = PBXFileReference; lastKnownFileType = sourcecode.swift; path = BooksViewController.swift; sourceTree = "<group>"; };
		124D631C2CE25704002046DF /* MusicViewController.swift */ = {isa = PBXFileReference; lastKnownFileType = sourcecode.swift; path = MusicViewController.swift; sourceTree = "<group>"; };
		124D631E2CE25715002046DF /* FilmsViewController.swift */ = {isa = PBXFileReference; lastKnownFileType = sourcecode.swift; path = FilmsViewController.swift; sourceTree = "<group>"; };
		124D63212CE25C5B002046DF /* Book.swift */ = {isa = PBXFileReference; lastKnownFileType = sourcecode.swift; path = Book.swift; sourceTree = "<group>"; };
		124D63252CE25D41002046DF /* BooksCell.swift */ = {isa = PBXFileReference; lastKnownFileType = sourcecode.swift; path = BooksCell.swift; sourceTree = "<group>"; };
		127C3F542CE315BF00BBB521 /* DetailBookVC.swift */ = {isa = PBXFileReference; lastKnownFileType = sourcecode.swift; path = DetailBookVC.swift; sourceTree = "<group>"; };
		127C3F562CE31AEB00BBB521 /* Film.swift */ = {isa = PBXFileReference; lastKnownFileType = sourcecode.swift; path = Film.swift; sourceTree = "<group>"; };
		127C3F582CE31AF700BBB521 /* Music.swift */ = {isa = PBXFileReference; lastKnownFileType = sourcecode.swift; path = Music.swift; sourceTree = "<group>"; };
		127C3F5A2CE3650300BBB521 /* FilmCell.swift */ = {isa = PBXFileReference; lastKnownFileType = sourcecode.swift; path = FilmCell.swift; sourceTree = "<group>"; };
		12ADA2BA2CE4EAD9003696E6 /* DetailFilmVC.swift */ = {isa = PBXFileReference; lastKnownFileType = sourcecode.swift; path = DetailFilmVC.swift; sourceTree = "<group>"; };
		12ADA2BC2CE4ECD7003696E6 /* MusicCell.swift */ = {isa = PBXFileReference; lastKnownFileType = sourcecode.swift; path = MusicCell.swift; sourceTree = "<group>"; };
		12ADA2BE2CE4F851003696E6 /* DetailMusicVC.swift */ = {isa = PBXFileReference; lastKnownFileType = sourcecode.swift; path = DetailMusicVC.swift; sourceTree = "<group>"; };
		12ADA2C12CE4F8BC003696E6 /* Sweater Weather.mp3 */ = {isa = PBXFileReference; lastKnownFileType = audio.mp3; path = "Sweater Weather.mp3"; sourceTree = "<group>"; };
		12ADA2C32CE4F8CB003696E6 /* Chihiro.mp3 */ = {isa = PBXFileReference; lastKnownFileType = audio.mp3; path = Chihiro.mp3; sourceTree = "<group>"; };
/* End PBXFileReference section */

/* Begin PBXFrameworksBuildPhase section */
		124D62FC2CE2517B002046DF /* Frameworks */ = {
			isa = PBXFrameworksBuildPhase;
			buildActionMask = 2147483647;
			files = (
			);
			runOnlyForDeploymentPostprocessing = 0;
		};
/* End PBXFrameworksBuildPhase section */

/* Begin PBXGroup section */
		124D62F62CE2517B002046DF = {
			isa = PBXGroup;
			children = (
				124D63012CE2517B002046DF /* FavouriteLists */,
				124D63002CE2517B002046DF /* Products */,
			);
			sourceTree = "<group>";
		};
		124D63002CE2517B002046DF /* Products */ = {
			isa = PBXGroup;
			children = (
				124D62FF2CE2517B002046DF /* FavouriteLists.app */,
			);
			name = Products;
			sourceTree = "<group>";
		};
		124D63012CE2517B002046DF /* FavouriteLists */ = {
			isa = PBXGroup;
			children = (
				124D63022CE2517B002046DF /* AppDelegate.swift */,
				124D63042CE2517B002046DF /* SceneDelegate.swift */,
				124D630B2CE2517C002046DF /* Assets.xcassets */,
				124D63102CE2517C002046DF /* Info.plist */,
				12ADA2C02CE4F895003696E6 /* Sounds */,
				124D63242CE25D0F002046DF /* TableCells */,
				124D63202CE25C42002046DF /* Models */,
				124D63192CE25585002046DF /* Controllers */,
			);
			path = FavouriteLists;
			sourceTree = "<group>";
		};
		124D63192CE25585002046DF /* Controllers */ = {
			isa = PBXGroup;
			children = (
				124D63172CE2556A002046DF /* TabViewController.swift */,
				124D631A2CE256E3002046DF /* BooksViewController.swift */,
				124D631C2CE25704002046DF /* MusicViewController.swift */,
				124D631E2CE25715002046DF /* FilmsViewController.swift */,
				127C3F542CE315BF00BBB521 /* DetailBookVC.swift */,
				12ADA2BA2CE4EAD9003696E6 /* DetailFilmVC.swift */,
				12ADA2BE2CE4F851003696E6 /* DetailMusicVC.swift */,
			);
			path = Controllers;
			sourceTree = "<group>";
		};
		124D63202CE25C42002046DF /* Models */ = {
			isa = PBXGroup;
			children = (
				127C3F562CE31AEB00BBB521 /* Film.swift */,
				127C3F582CE31AF700BBB521 /* Music.swift */,
				124D63212CE25C5B002046DF /* Book.swift */,
			);
			path = Models;
			sourceTree = "<group>";
		};
		124D63242CE25D0F002046DF /* TableCells */ = {
			isa = PBXGroup;
			children = (
				124D63252CE25D41002046DF /* BooksCell.swift */,
				12ADA2BC2CE4ECD7003696E6 /* MusicCell.swift */,
				127C3F5A2CE3650300BBB521 /* FilmCell.swift */,
			);
			path = TableCells;
			sourceTree = "<group>";
		};
		12ADA2C02CE4F895003696E6 /* Sounds */ = {
			isa = PBXGroup;
			children = (
				12ADA2C32CE4F8CB003696E6 /* Chihiro.mp3 */,
				12ADA2C12CE4F8BC003696E6 /* Sweater Weather.mp3 */,
			);
			path = Sounds;
			sourceTree = "<group>";
		};
/* End PBXGroup section */

/* Begin PBXNativeTarget section */
		124D62FE2CE2517B002046DF /* FavouriteLists */ = {
			isa = PBXNativeTarget;
			buildConfigurationList = 124D63132CE2517C002046DF /* Build configuration list for PBXNativeTarget "FavouriteLists" */;
			buildPhases = (
				124D62FB2CE2517B002046DF /* Sources */,
				124D62FC2CE2517B002046DF /* Frameworks */,
				124D62FD2CE2517B002046DF /* Resources */,
			);
			buildRules = (
			);
			dependencies = (
			);
			name = FavouriteLists;
			productName = FavouriteLists;
			productReference = 124D62FF2CE2517B002046DF /* FavouriteLists.app */;
			productType = "com.apple.product-type.application";
		};
/* End PBXNativeTarget section */

/* Begin PBXProject section */
		124D62F72CE2517B002046DF /* Project object */ = {
			isa = PBXProject;
			attributes = {
				BuildIndependentTargetsInParallel = 1;
				LastSwiftUpdateCheck = 1540;
				LastUpgradeCheck = 1540;
				TargetAttributes = {
					124D62FE2CE2517B002046DF = {
						CreatedOnToolsVersion = 15.4;
					};
				};
			};
			buildConfigurationList = 124D62FA2CE2517B002046DF /* Build configuration list for PBXProject "FavouriteLists" */;
			compatibilityVersion = "Xcode 14.0";
			developmentRegion = en;
			hasScannedForEncodings = 0;
			knownRegions = (
				en,
				Base,
			);
			mainGroup = 124D62F62CE2517B002046DF;
			productRefGroup = 124D63002CE2517B002046DF /* Products */;
			projectDirPath = "";
			projectRoot = "";
			targets = (
				124D62FE2CE2517B002046DF /* FavouriteLists */,
			);
		};
/* End PBXProject section */

/* Begin PBXResourcesBuildPhase section */
		124D62FD2CE2517B002046DF /* Resources */ = {
			isa = PBXResourcesBuildPhase;
			buildActionMask = 2147483647;
			files = (
				124D630C2CE2517C002046DF /* Assets.xcassets in Resources */,
				12ADA2C22CE4F8BC003696E6 /* Sweater Weather.mp3 in Resources */,
				12ADA2C42CE4F8CB003696E6 /* Chihiro.mp3 in Resources */,
			);
			runOnlyForDeploymentPostprocessing = 0;
		};
/* End PBXResourcesBuildPhase section */

/* Begin PBXSourcesBuildPhase section */
		124D62FB2CE2517B002046DF /* Sources */ = {
			isa = PBXSourcesBuildPhase;
			buildActionMask = 2147483647;
			files = (
				124D631F2CE25715002046DF /* FilmsViewController.swift in Sources */,
				124D63182CE2556A002046DF /* TabViewController.swift in Sources */,
				12ADA2BB2CE4EAD9003696E6 /* DetailFilmVC.swift in Sources */,
				124D63222CE25C5B002046DF /* Book.swift in Sources */,
				124D631D2CE25704002046DF /* MusicViewController.swift in Sources */,
				124D63262CE25D41002046DF /* BooksCell.swift in Sources */,
				124D631B2CE256E3002046DF /* BooksViewController.swift in Sources */,
				127C3F552CE315BF00BBB521 /* DetailBookVC.swift in Sources */,
				127C3F592CE31AF700BBB521 /* Music.swift in Sources */,
				12ADA2BF2CE4F851003696E6 /* DetailMusicVC.swift in Sources */,
				12ADA2BD2CE4ECD7003696E6 /* MusicCell.swift in Sources */,
				124D63032CE2517B002046DF /* AppDelegate.swift in Sources */,
				127C3F5B2CE3650300BBB521 /* FilmCell.swift in Sources */,
				124D63052CE2517B002046DF /* SceneDelegate.swift in Sources */,
				127C3F572CE31AEB00BBB521 /* Film.swift in Sources */,
			);
			runOnlyForDeploymentPostprocessing = 0;
		};
/* End PBXSourcesBuildPhase section */

/* Begin XCBuildConfiguration section */
		124D63112CE2517C002046DF /* Debug */ = {
			isa = XCBuildConfiguration;
			buildSettings = {
				ALWAYS_SEARCH_USER_PATHS = NO;
				ASSETCATALOG_COMPILER_GENERATE_SWIFT_ASSET_SYMBOL_EXTENSIONS = YES;
				CLANG_ANALYZER_NONNULL = YES;
				CLANG_ANALYZER_NUMBER_OBJECT_CONVERSION = YES_AGGRESSIVE;
				CLANG_CXX_LANGUAGE_STANDARD = "gnu++20";
				CLANG_ENABLE_MODULES = YES;
				CLANG_ENABLE_OBJC_ARC = YES;
				CLANG_ENABLE_OBJC_WEAK = YES;
				CLANG_WARN_BLOCK_CAPTURE_AUTORELEASING = YES;
				CLANG_WARN_BOOL_CONVERSION = YES;
				CLANG_WARN_COMMA = YES;
				CLANG_WARN_CONSTANT_CONVERSION = YES;
				CLANG_WARN_DEPRECATED_OBJC_IMPLEMENTATIONS = YES;
				CLANG_WARN_DIRECT_OBJC_ISA_USAGE = YES_ERROR;
				CLANG_WARN_DOCUMENTATION_COMMENTS = YES;
				CLANG_WARN_EMPTY_BODY = YES;
				CLANG_WARN_ENUM_CONVERSION = YES;
				CLANG_WARN_INFINITE_RECURSION = YES;
				CLANG_WARN_INT_CONVERSION = YES;
				CLANG_WARN_NON_LITERAL_NULL_CONVERSION = YES;
				CLANG_WARN_OBJC_IMPLICIT_RETAIN_SELF = YES;
				CLANG_WARN_OBJC_LITERAL_CONVERSION = YES;
				CLANG_WARN_OBJC_ROOT_CLASS = YES_ERROR;
				CLANG_WARN_QUOTED_INCLUDE_IN_FRAMEWORK_HEADER = YES;
				CLANG_WARN_RANGE_LOOP_ANALYSIS = YES;
				CLANG_WARN_STRICT_PROTOTYPES = YES;
				CLANG_WARN_SUSPICIOUS_MOVE = YES;
				CLANG_WARN_UNGUARDED_AVAILABILITY = YES_AGGRESSIVE;
				CLANG_WARN_UNREACHABLE_CODE = YES;
				CLANG_WARN__DUPLICATE_METHOD_MATCH = YES;
				COPY_PHASE_STRIP = NO;
				DEBUG_INFORMATION_FORMAT = dwarf;
				ENABLE_STRICT_OBJC_MSGSEND = YES;
				ENABLE_TESTABILITY = YES;
				ENABLE_USER_SCRIPT_SANDBOXING = YES;
				GCC_C_LANGUAGE_STANDARD = gnu17;
				GCC_DYNAMIC_NO_PIC = NO;
				GCC_NO_COMMON_BLOCKS = YES;
				GCC_OPTIMIZATION_LEVEL = 0;
				GCC_PREPROCESSOR_DEFINITIONS = (
					"DEBUG=1",
					"$(inherited)",
				);
				GCC_WARN_64_TO_32_BIT_CONVERSION = YES;
				GCC_WARN_ABOUT_RETURN_TYPE = YES_ERROR;
				GCC_WARN_UNDECLARED_SELECTOR = YES;
				GCC_WARN_UNINITIALIZED_AUTOS = YES_AGGRESSIVE;
				GCC_WARN_UNUSED_FUNCTION = YES;
				GCC_WARN_UNUSED_VARIABLE = YES;
				IPHONEOS_DEPLOYMENT_TARGET = 17.5;
				LOCALIZATION_PREFERS_STRING_CATALOGS = YES;
				MTL_ENABLE_DEBUG_INFO = INCLUDE_SOURCE;
				MTL_FAST_MATH = YES;
				ONLY_ACTIVE_ARCH = YES;
				SDKROOT = iphoneos;
				SWIFT_ACTIVE_COMPILATION_CONDITIONS = "DEBUG $(inherited)";
				SWIFT_OPTIMIZATION_LEVEL = "-Onone";
			};
			name = Debug;
		};
		124D63122CE2517C002046DF /* Release */ = {
			isa = XCBuildConfiguration;
			buildSettings = {
				ALWAYS_SEARCH_USER_PATHS = NO;
				ASSETCATALOG_COMPILER_GENERATE_SWIFT_ASSET_SYMBOL_EXTENSIONS = YES;
				CLANG_ANALYZER_NONNULL = YES;
				CLANG_ANALYZER_NUMBER_OBJECT_CONVERSION = YES_AGGRESSIVE;
				CLANG_CXX_LANGUAGE_STANDARD = "gnu++20";
				CLANG_ENABLE_MODULES = YES;
				CLANG_ENABLE_OBJC_ARC = YES;
				CLANG_ENABLE_OBJC_WEAK = YES;
				CLANG_WARN_BLOCK_CAPTURE_AUTORELEASING = YES;
				CLANG_WARN_BOOL_CONVERSION = YES;
				CLANG_WARN_COMMA = YES;
				CLANG_WARN_CONSTANT_CONVERSION = YES;
				CLANG_WARN_DEPRECATED_OBJC_IMPLEMENTATIONS = YES;
				CLANG_WARN_DIRECT_OBJC_ISA_USAGE = YES_ERROR;
				CLANG_WARN_DOCUMENTATION_COMMENTS = YES;
				CLANG_WARN_EMPTY_BODY = YES;
				CLANG_WARN_ENUM_CONVERSION = YES;
				CLANG_WARN_INFINITE_RECURSION = YES;
				CLANG_WARN_INT_CONVERSION = YES;
				CLANG_WARN_NON_LITERAL_NULL_CONVERSION = YES;
				CLANG_WARN_OBJC_IMPLICIT_RETAIN_SELF = YES;
				CLANG_WARN_OBJC_LITERAL_CONVERSION = YES;
				CLANG_WARN_OBJC_ROOT_CLASS = YES_ERROR;
				CLANG_WARN_QUOTED_INCLUDE_IN_FRAMEWORK_HEADER = YES;
				CLANG_WARN_RANGE_LOOP_ANALYSIS = YES;
				CLANG_WARN_STRICT_PROTOTYPES = YES;
				CLANG_WARN_SUSPICIOUS_MOVE = YES;
				CLANG_WARN_UNGUARDED_AVAILABILITY = YES_AGGRESSIVE;
				CLANG_WARN_UNREACHABLE_CODE = YES;
				CLANG_WARN__DUPLICATE_METHOD_MATCH = YES;
				COPY_PHASE_STRIP = NO;
				DEBUG_INFORMATION_FORMAT = "dwarf-with-dsym";
				ENABLE_NS_ASSERTIONS = NO;
				ENABLE_STRICT_OBJC_MSGSEND = YES;
				ENABLE_USER_SCRIPT_SANDBOXING = YES;
				GCC_C_LANGUAGE_STANDARD = gnu17;
				GCC_NO_COMMON_BLOCKS = YES;
				GCC_WARN_64_TO_32_BIT_CONVERSION = YES;
				GCC_WARN_ABOUT_RETURN_TYPE = YES_ERROR;
				GCC_WARN_UNDECLARED_SELECTOR = YES;
				GCC_WARN_UNINITIALIZED_AUTOS = YES_AGGRESSIVE;
				GCC_WARN_UNUSED_FUNCTION = YES;
				GCC_WARN_UNUSED_VARIABLE = YES;
				IPHONEOS_DEPLOYMENT_TARGET = 17.5;
				LOCALIZATION_PREFERS_STRING_CATALOGS = YES;
				MTL_ENABLE_DEBUG_INFO = NO;
				MTL_FAST_MATH = YES;
				SDKROOT = iphoneos;
				SWIFT_COMPILATION_MODE = wholemodule;
				VALIDATE_PRODUCT = YES;
			};
			name = Release;
		};
		124D63142CE2517C002046DF /* Debug */ = {
			isa = XCBuildConfiguration;
			buildSettings = {
				ASSETCATALOG_COMPILER_APPICON_NAME = AppIcon;
				ASSETCATALOG_COMPILER_GLOBAL_ACCENT_COLOR_NAME = AccentColor;
				CODE_SIGN_STYLE = Automatic;
				CURRENT_PROJECT_VERSION = 1;
				DEVELOPMENT_TEAM = 3383BZV24G;
				GENERATE_INFOPLIST_FILE = YES;
				INFOPLIST_FILE = FavouriteLists/Info.plist;
				INFOPLIST_KEY_UIApplicationSupportsIndirectInputEvents = YES;
				INFOPLIST_KEY_UILaunchStoryboardName = LaunchScreen;
				INFOPLIST_KEY_UISupportedInterfaceOrientations_iPad = "UIInterfaceOrientationPortrait UIInterfaceOrientationPortraitUpsideDown UIInterfaceOrientationLandscapeLeft UIInterfaceOrientationLandscapeRight";
				INFOPLIST_KEY_UISupportedInterfaceOrientations_iPhone = "UIInterfaceOrientationPortrait UIInterfaceOrientationLandscapeLeft UIInterfaceOrientationLandscapeRight";
				LD_RUNPATH_SEARCH_PATHS = (
					"$(inherited)",
					"@executable_path/Frameworks",
				);
				MARKETING_VERSION = 1.0;
				PRODUCT_BUNDLE_IDENTIFIER = com.alibaisholanov.FavouriteLists;
				PRODUCT_NAME = "$(TARGET_NAME)";
				SWIFT_EMIT_LOC_STRINGS = YES;
				SWIFT_VERSION = 5.0;
				TARGETED_DEVICE_FAMILY = "1,2";
			};
			name = Debug;
		};
		124D63152CE2517C002046DF /* Release */ = {
			isa = XCBuildConfiguration;
			buildSettings = {
				ASSETCATALOG_COMPILER_APPICON_NAME = AppIcon;
				ASSETCATALOG_COMPILER_GLOBAL_ACCENT_COLOR_NAME = AccentColor;
				CODE_SIGN_STYLE = Automatic;
				CURRENT_PROJECT_VERSION = 1;
				DEVELOPMENT_TEAM = 3383BZV24G;
				GENERATE_INFOPLIST_FILE = YES;
				INFOPLIST_FILE = FavouriteLists/Info.plist;
				INFOPLIST_KEY_UIApplicationSupportsIndirectInputEvents = YES;
				INFOPLIST_KEY_UILaunchStoryboardName = LaunchScreen;
				INFOPLIST_KEY_UISupportedInterfaceOrientations_iPad = "UIInterfaceOrientationPortrait UIInterfaceOrientationPortraitUpsideDown UIInterfaceOrientationLandscapeLeft UIInterfaceOrientationLandscapeRight";
				INFOPLIST_KEY_UISupportedInterfaceOrientations_iPhone = "UIInterfaceOrientationPortrait UIInterfaceOrientationLandscapeLeft UIInterfaceOrientationLandscapeRight";
				LD_RUNPATH_SEARCH_PATHS = (
					"$(inherited)",
					"@executable_path/Frameworks",
				);
				MARKETING_VERSION = 1.0;
				PRODUCT_BUNDLE_IDENTIFIER = com.alibaisholanov.FavouriteLists;
				PRODUCT_NAME = "$(TARGET_NAME)";
				SWIFT_EMIT_LOC_STRINGS = YES;
				SWIFT_VERSION = 5.0;
				TARGETED_DEVICE_FAMILY = "1,2";
			};
			name = Release;
		};
/* End XCBuildConfiguration section */

/* Begin XCConfigurationList section */
		124D62FA2CE2517B002046DF /* Build configuration list for PBXProject "FavouriteLists" */ = {
			isa = XCConfigurationList;
			buildConfigurations = (
				124D63112CE2517C002046DF /* Debug */,
				124D63122CE2517C002046DF /* Release */,
			);
			defaultConfigurationIsVisible = 0;
			defaultConfigurationName = Release;
		};
		124D63132CE2517C002046DF /* Build configuration list for PBXNativeTarget "FavouriteLists" */ = {
			isa = XCConfigurationList;
			buildConfigurations = (
				124D63142CE2517C002046DF /* Debug */,
				124D63152CE2517C002046DF /* Release */,
			);
			defaultConfigurationIsVisible = 0;
			defaultConfigurationName = Release;
		};
/* End XCConfigurationList section */
	};
	rootObject = 124D62F72CE2517B002046DF /* Project object */;
}
